PODS:
  - Alamofire (4.8.2)
  - AlamofireObjectMapper (5.2.0):
    - Alamofire (~> 4.7)
    - ObjectMapper (~> 3.4)
  - ObjectMapper (3.4.2)
  - PromiseKit (6.8.4):
    - PromiseKit/CorePromise (= 6.8.4)
    - PromiseKit/Foundation (= 6.8.4)
    - PromiseKit/UIKit (= 6.8.4)
  - PromiseKit/CorePromise (6.8.4)
  - PromiseKit/Foundation (6.8.4):
    - PromiseKit/CorePromise
  - PromiseKit/UIKit (6.8.4):
    - PromiseKit/CorePromise
  - Version (0.7.0)

DEPENDENCIES:
  - Alamofire (~> 4)
  - AlamofireObjectMapper (~> 5.2)
  - ObjectMapper (~> 3.4)
  - PromiseKit (~> 6.8)
  - Version (~> 0)

SPEC REPOS:
  https://github.com/cocoapods/specs.git:
    - Alamofire
    - AlamofireObjectMapper
    - ObjectMapper
    - PromiseKit
    - Version

SPEC CHECKSUMS:
  Alamofire: ae5c501addb7afdbb13687d7f2f722c78734c2d3
  AlamofireObjectMapper: 92b6ce2423a9d159e686f6a1d514a009bf903ddc
  ObjectMapper: 0d4402610f4e468903ae64629eec4784531e5c51
  PromiseKit: 51794a832647e7b819336dc2279039ce9f1cc49b
  Version: 748646b64528b12654498912dc3bd065867169cc

PODFILE CHECKSUM: 56706b4069f45b8fa4a845ccb438eb5a87faae40

COCOAPODS: 1.6.1
