PODS:
  - Alamofire (4.8.2)
  - AlamofireObjectMapper (5.2.0):
    - Alamofire (~> 4.7)
    - ObjectMapper (~> 3.4)
  - MaterialComponents/AnimationTiming (84.1.1)
  - MaterialComponents/AppBar (84.1.1):
    - MaterialComponents/FlexibleHeader
    - MaterialComponents/HeaderStackView
    - MaterialComponents/NavigationBar
    - MaterialComponents/private/Application
    - MaterialComponents/private/Icons/ic_arrow_back
    - MaterialComponents/private/UIMetrics
    - MaterialComponents/ShadowElevations
    - MaterialComponents/ShadowLayer
    - MaterialComponents/Typography
    - MDFInternationalization
  - MaterialComponents/ButtonBar (84.1.1):
    - MaterialComponents/Buttons
    - MaterialComponents/private/Application
    - MDFInternationalization
  - MaterialComponents/Buttons (84.1.1):
    - MaterialComponents/Ink
    - MaterialComponents/private/Math
    - MaterialComponents/Ripple
    - MaterialComponents/ShadowElevations
    - MaterialComponents/ShadowLayer
    - MaterialComponents/Shapes
    - MaterialComponents/Typography
    - MDFInternationalization
    - MDFTextAccessibility
  - MaterialComponents/FlexibleHeader (84.1.1):
    - MaterialComponents/private/Application
    - MaterialComponents/private/UIMetrics
    - MDFTextAccessibility
  - MaterialComponents/HeaderStackView (84.1.1)
  - MaterialComponents/Ink (84.1.1):
    - MaterialComponents/private/Math
  - MaterialComponents/NavigationBar (84.1.1):
    - MaterialComponents/ButtonBar
    - MaterialComponents/private/Math
    - MaterialComponents/Typography
    - MDFInternationalization
    - MDFTextAccessibility
  - MaterialComponents/Palettes (84.1.1)
  - MaterialComponents/private/Application (84.1.1)
  - MaterialComponents/private/Icons/Base (84.1.1)
  - MaterialComponents/private/Icons/ic_arrow_back (84.1.1):
    - MaterialComponents/private/Icons/Base
  - MaterialComponents/private/Math (84.1.1)
  - MaterialComponents/private/UIMetrics (84.1.1):
    - MaterialComponents/private/Application
  - MaterialComponents/Ripple (84.1.1):
    - MaterialComponents/AnimationTiming
    - MaterialComponents/private/Math
  - MaterialComponents/ShadowElevations (84.1.1)
  - MaterialComponents/ShadowLayer (84.1.1):
    - MaterialComponents/ShadowElevations
  - MaterialComponents/Shapes (84.1.1):
    - MaterialComponents/private/Math
    - MaterialComponents/ShadowLayer
  - MaterialComponents/Tabs (84.1.1):
    - MaterialComponents/AnimationTiming
    - MaterialComponents/Ink
    - MaterialComponents/Palettes
    - MaterialComponents/private/Math
    - MaterialComponents/ShadowElevations
    - MaterialComponents/ShadowLayer
    - MaterialComponents/Typography
    - MDFInternationalization
  - MaterialComponents/Typography (84.1.1):
    - MaterialComponents/private/Application
    - MaterialComponents/private/Math
  - MDFInternationalization (2.0.0)
  - MDFTextAccessibility (2.0.0)
  - ObjectMapper (3.4.2)
  - PINCache (3.0.1-beta.6):
    - PINCache/Arc-exception-safe (= 3.0.1-beta.6)
    - PINCache/Core (= 3.0.1-beta.6)
  - PINCache/Arc-exception-safe (3.0.1-beta.6):
    - PINCache/Core
  - PINCache/Core (3.0.1-beta.6):
    - PINOperation (~> 1.1.0)
  - PINOperation (1.1.1)
  - PINRemoteImage/Core (3.0.0-beta.13):
    - PINOperation
  - PINRemoteImage/iOS (3.0.0-beta.13):
    - PINRemoteImage/Core
  - PINRemoteImage/PINCache (3.0.0-beta.13):
    - PINCache (= 3.0.1-beta.6)
    - PINRemoteImage/Core
  - PromiseKit (6.8.4):
    - PromiseKit/CorePromise (= 6.8.4)
    - PromiseKit/Foundation (= 6.8.4)
    - PromiseKit/UIKit (= 6.8.4)
  - PromiseKit/CorePromise (6.8.4)
  - PromiseKit/Foundation (6.8.4):
    - PromiseKit/CorePromise
  - PromiseKit/UIKit (6.8.4):
    - PromiseKit/CorePromise
  - R.swift (5.0.3):
    - R.swift.Library (~> 5.0.0)
  - R.swift.Library (5.0.1)
  - RxCocoa (5.0.0):
    - RxRelay (~> 5)
    - RxSwift (~> 5)
  - RxRelay (5.0.0):
    - RxSwift (~> 5)
  - RxSwift (5.0.0)
  - SAMKeychain (1.5.3)
  - Texture (2.8.1):
    - Texture/AssetsLibrary (= 2.8.1)
    - Texture/Core (= 2.8.1)
    - Texture/MapKit (= 2.8.1)
    - Texture/Photos (= 2.8.1)
    - Texture/PINRemoteImage (= 2.8.1)
    - Texture/Video (= 2.8.1)
  - Texture/AssetsLibrary (2.8.1):
    - Texture/Core
  - Texture/Core (2.8.1)
  - Texture/MapKit (2.8.1):
    - Texture/Core
  - Texture/Photos (2.8.1):
    - Texture/Core
  - Texture/PINRemoteImage (2.8.1):
    - PINRemoteImage/iOS (= 3.0.0-beta.13)
    - PINRemoteImage/PINCache
    - Texture/Core
  - Texture/Video (2.8.1):
    - Texture/Core
  - Then (2.4.0)
  - Toaster (2.2.0)
  - Version (0.7.0)

DEPENDENCIES:
  - Alamofire (~> 4)
  - AlamofireObjectMapper (~> 5.2)
  - MaterialComponents/AppBar
  - MaterialComponents/Buttons
  - MaterialComponents/Tabs
  - ObjectMapper (~> 3.4)
  - PromiseKit (~> 6.8)
  - R.swift (~> 5.0)
  - RxCocoa (~> 5.0)
  - RxRelay (~> 5.0)
  - RxSwift (~> 5.0)
  - SAMKeychain (~> 1.5)
  - Texture (~> 2.8)
  - Then (~> 2)
  - Toaster (~> 2)
  - Version (~> 0)

SPEC REPOS:
  https://github.com/cocoapods/specs.git:
    - Alamofire
    - AlamofireObjectMapper
    - MaterialComponents
    - MDFInternationalization
    - MDFTextAccessibility
    - ObjectMapper
    - PINCache
    - PINOperation
    - PINRemoteImage
    - PromiseKit
    - R.swift
    - R.swift.Library
    - RxCocoa
    - RxRelay
    - RxSwift
    - SAMKeychain
    - Texture
    - Then
    - Toaster
    - Version

SPEC CHECKSUMS:
  Alamofire: ae5c501addb7afdbb13687d7f2f722c78734c2d3
  AlamofireObjectMapper: 92b6ce2423a9d159e686f6a1d514a009bf903ddc
  MaterialComponents: 85832ad0a4a7c0113f67330fa135b9702aae7f93
  MDFInternationalization: 010097556d6b09d2c4ea38e0820ea6d37be6a314
  MDFTextAccessibility: 85c09a1bd9c321f494348e632a25063bcda35a53
  ObjectMapper: 0d4402610f4e468903ae64629eec4784531e5c51
  PINCache: d195fdba255283f7e9900a55e3cced377f431f9b
  PINOperation: a6219e6fc9db9c269eb7a7b871ac193bcf400aac
  PINRemoteImage: d6d51c5d2adda55f1ce30c96e850b6c4ebd2856a
  PromiseKit: 51794a832647e7b819336dc2279039ce9f1cc49b
  R.swift: f5a87643b91ea569d23d6afb3eee9c743edde239
  R.swift.Library: cfe85d569d9bae6cb262922db130e7c3a7a5fad1
  RxCocoa: fcf32050ac00d801f34a7f71d5e8e7f23026dcd8
  RxRelay: 4f7409406a51a55cd88483f21ed898c234d60f18
  RxSwift: 8b0671caa829a763bbce7271095859121cbd895f
  SAMKeychain: 483e1c9f32984d50ca961e26818a534283b4cd5c
  Texture: 8ecf6984065a1e54f06bf97b349ecca28582acd7
  Then: 71866660c7af35a7343831f7668e7cd2b62ee0f2
  Toaster: c1a81b376edcc2470157b4d1ee1e9341d3b96455
  Version: 748646b64528b12654498912dc3bd065867169cc

PODFILE CHECKSUM: de7f34bc9a87757eabc4f5648272979d087f0d55

COCOAPODS: 1.6.1
